
Microsoft Visual Studio Solution File, Format Version 12.00
# Visual Studio 15
VisualStudioVersion = 15.0.27703.2035
MinimumVisualStudioVersion = 10.0.40219.1
Project("{FAE04EC0-301F-11D3-BF4B-00C04F79EFBC}") = "traning_rubancev", "traning_rubancev\traning_rubancev.csproj", "{6B52B1DA-33DC-4DB5-9619-9525A69BA652}"
EndProject
Project("{FAE04EC0-301F-11D3-BF4B-00C04F79EFBC}") = "palindroms_chapter1", "palindroms_chapter1\palindroms_chapter1.csproj", "{3CDC4F8B-F8FE-4666-A227-3C00EC55857A}"
EndProject
Project("{FAE04EC0-301F-11D3-BF4B-00C04F79EFBC}") = "lepet_chapter1", "lepet_chapter1\lepet_chapter1.csproj", "{19CA6E9F-A04F-45C7-B97B-3B16492F7B32}"
EndProject
Project("{FAE04EC0-301F-11D3-BF4B-00C04F79EFBC}") = "logoped_chapter5", "logoped_chapter5\logoped_chapter5.csproj", "{C35502D8-1A40-4508-86CC-D417B877667B}"
EndProject
Project("{FAE04EC0-301F-11D3-BF4B-00C04F79EFBC}") = "litoreya_chapter8", "litoreya_chapter8\litoreya_chapter8.csproj", "{A04BF180-5CD9-4B1A-A9AF-3B8CBE08ED74}"
EndProject
Project("{FAE04EC0-301F-11D3-BF4B-00C04F79EFBC}") = "eratosfen_chapter14", "eratosfen_chapter14\eratosfen_chapter14.csproj", "{CE2B743B-F76A-4DB3-B5C6-7801C2E608E0}"
EndProject
Global
	GlobalSection(SolutionConfigurationPlatforms) = preSolution
		Debug|Any CPU = Debug|Any CPU
		Release|Any CPU = Release|Any CPU
	EndGlobalSection
	GlobalSection(ProjectConfigurationPlatforms) = postSolution
		{6B52B1DA-33DC-4DB5-9619-9525A69BA652}.Debug|Any CPU.ActiveCfg = Debug|Any CPU
		{6B52B1DA-33DC-4DB5-9619-9525A69BA652}.Debug|Any CPU.Build.0 = Debug|Any CPU
		{6B52B1DA-33DC-4DB5-9619-9525A69BA652}.Release|Any CPU.ActiveCfg = Release|Any CPU
		{6B52B1DA-33DC-4DB5-9619-9525A69BA652}.Release|Any CPU.Build.0 = Release|Any CPU
		{3CDC4F8B-F8FE-4666-A227-3C00EC55857A}.Debug|Any CPU.ActiveCfg = Debug|Any CPU
		{3CDC4F8B-F8FE-4666-A227-3C00EC55857A}.Debug|Any CPU.Build.0 = Debug|Any CPU
		{3CDC4F8B-F8FE-4666-A227-3C00EC55857A}.Release|Any CPU.ActiveCfg = Release|Any CPU
		{3CDC4F8B-F8FE-4666-A227-3C00EC55857A}.Release|Any CPU.Build.0 = Release|Any CPU
		{19CA6E9F-A04F-45C7-B97B-3B16492F7B32}.Debug|Any CPU.ActiveCfg = Debug|Any CPU
		{19CA6E9F-A04F-45C7-B97B-3B16492F7B32}.Debug|Any CPU.Build.0 = Debug|Any CPU
		{19CA6E9F-A04F-45C7-B97B-3B16492F7B32}.Release|Any CPU.ActiveCfg = Release|Any CPU
		{19CA6E9F-A04F-45C7-B97B-3B16492F7B32}.Release|Any CPU.Build.0 = Release|Any CPU
		{C35502D8-1A40-4508-86CC-D417B877667B}.Debug|Any CPU.ActiveCfg = Debug|Any CPU
		{C35502D8-1A40-4508-86CC-D417B877667B}.Debug|Any CPU.Build.0 = Debug|Any CPU
		{C35502D8-1A40-4508-86CC-D417B877667B}.Release|Any CPU.ActiveCfg = Release|Any CPU
		{C35502D8-1A40-4508-86CC-D417B877667B}.Release|Any CPU.Build.0 = Release|Any CPU
		{A04BF180-5CD9-4B1A-A9AF-3B8CBE08ED74}.Debug|Any CPU.ActiveCfg = Debug|Any CPU
		{A04BF180-5CD9-4B1A-A9AF-3B8CBE08ED74}.Debug|Any CPU.Build.0 = Debug|Any CPU
		{A04BF180-5CD9-4B1A-A9AF-3B8CBE08ED74}.Release|Any CPU.ActiveCfg = Release|Any CPU
		{A04BF180-5CD9-4B1A-A9AF-3B8CBE08ED74}.Release|Any CPU.Build.0 = Release|Any CPU
		{CE2B743B-F76A-4DB3-B5C6-7801C2E608E0}.Debug|Any CPU.ActiveCfg = Debug|Any CPU
		{CE2B743B-F76A-4DB3-B5C6-7801C2E608E0}.Debug|Any CPU.Build.0 = Debug|Any CPU
		{CE2B743B-F76A-4DB3-B5C6-7801C2E608E0}.Release|Any CPU.ActiveCfg = Release|Any CPU
		{CE2B743B-F76A-4DB3-B5C6-7801C2E608E0}.Release|Any CPU.Build.0 = Release|Any CPU
	EndGlobalSection
	GlobalSection(SolutionProperties) = preSolution
		HideSolutionNode = FALSE
	EndGlobalSection
	GlobalSection(ExtensibilityGlobals) = postSolution
		SolutionGuid = {E6096985-6772-4BA2-83D7-E0D5215F4150}
	EndGlobalSection
EndGlobal
